
Microsoft Visual Studio Solution File, Format Version 12.00
# Visual Studio Version 16
VisualStudioVersion = 16.0.29926.136
MinimumVisualStudioVersion = 10.0.40219.1
Project("{9A19103F-16F7-4668-BE54-9A1E7A4F7556}") = "Module1.TypesAndClasses", "Module1.TypesAndClasses\Module1.TypesAndClasses.csproj", "{FBA546B2-CAC7-4C6F-A971-3FF4E122C341}"
EndProject
Project("{9A19103F-16F7-4668-BE54-9A1E7A4F7556}") = "Module1.TypesAndClasses.Tests", "Module1.TypesAndClasses.Tests\Module1.TypesAndClasses.Tests.csproj", "{8BC64C2F-1C06-4733-95AB-F79D89D9E06A}"
EndProject
Project("{9A19103F-16F7-4668-BE54-9A1E7A4F7556}") = "MentoringDataAccess", "MentoringDataAccess~\MentoringDataAccess.csproj", "{80595D6E-BB3F-4B9D-A1A0-D47D1F8D9BF5}"
EndProject
Global
	GlobalSection(SolutionConfigurationPlatforms) = preSolution
		Debug|Any CPU = Debug|Any CPU
		Release|Any CPU = Release|Any CPU
	EndGlobalSection
	GlobalSection(ProjectConfigurationPlatforms) = postSolution
		{FBA546B2-CAC7-4C6F-A971-3FF4E122C341}.Debug|Any CPU.ActiveCfg = Debug|Any CPU
		{FBA546B2-CAC7-4C6F-A971-3FF4E122C341}.Debug|Any CPU.Build.0 = Debug|Any CPU
		{FBA546B2-CAC7-4C6F-A971-3FF4E122C341}.Release|Any CPU.ActiveCfg = Release|Any CPU
		{FBA546B2-CAC7-4C6F-A971-3FF4E122C341}.Release|Any CPU.Build.0 = Release|Any CPU
		{8BC64C2F-1C06-4733-95AB-F79D89D9E06A}.Debug|Any CPU.ActiveCfg = Debug|Any CPU
		{8BC64C2F-1C06-4733-95AB-F79D89D9E06A}.Debug|Any CPU.Build.0 = Debug|Any CPU
		{8BC64C2F-1C06-4733-95AB-F79D89D9E06A}.Release|Any CPU.ActiveCfg = Release|Any CPU
		{8BC64C2F-1C06-4733-95AB-F79D89D9E06A}.Release|Any CPU.Build.0 = Release|Any CPU
		{80595D6E-BB3F-4B9D-A1A0-D47D1F8D9BF5}.Debug|Any CPU.ActiveCfg = Debug|Any CPU
		{80595D6E-BB3F-4B9D-A1A0-D47D1F8D9BF5}.Debug|Any CPU.Build.0 = Debug|Any CPU
		{80595D6E-BB3F-4B9D-A1A0-D47D1F8D9BF5}.Release|Any CPU.ActiveCfg = Release|Any CPU
		{80595D6E-BB3F-4B9D-A1A0-D47D1F8D9BF5}.Release|Any CPU.Build.0 = Release|Any CPU
	EndGlobalSection
	GlobalSection(SolutionProperties) = preSolution
		HideSolutionNode = FALSE
	EndGlobalSection
	GlobalSection(ExtensibilityGlobals) = postSolution
		SolutionGuid = {9CEC532A-72F3-4DEC-B504-008BB967C6D6}
	EndGlobalSection
EndGlobal
